// !$*UTF8*$!
{
	archiveVersion = 1;
	classes = {
	};
	objectVersion = 55;
	objects = {

/* Begin PBXBuildFile section */
		38314D7B6EBA34D8E9D1E497 /* Pods_KeywordNews.framework in Frameworks */ = {isa = PBXBuildFile; fileRef = 3F59A06BAE5067DACBF5FE3E /* Pods_KeywordNews.framework */; };
		9A90923641B962901996B074 /* Pods_KeywordNewsTests.framework in Frameworks */ = {isa = PBXBuildFile; fileRef = 716CF66EC084EE9BC5E4A770 /* Pods_KeywordNewsTests.framework */; };
		B75D8ECD258524D554D5BB96 /* Pods_KeywordNews_KeywordNewsUITests.framework in Frameworks */ = {isa = PBXBuildFile; fileRef = 3C9708A5BD20EF1C52DBBD04 /* Pods_KeywordNews_KeywordNewsUITests.framework */; };
		CE15DB5C2877D48900C20D9A /* KeywordNewsViewModel.swift in Sources */ = {isa = PBXBuildFile; fileRef = CE15DB5B2877D48900C20D9A /* KeywordNewsViewModel.swift */; };
		CE15DB5E2877D4BE00C20D9A /* KeywordNewsModel.swift in Sources */ = {isa = PBXBuildFile; fileRef = CE15DB5D2877D4BE00C20D9A /* KeywordNewsModel.swift */; };
		CE15DB612877D65200C20D9A /* SearchBarViewModel.swift in Sources */ = {isa = PBXBuildFile; fileRef = CE15DB602877D65200C20D9A /* SearchBarViewModel.swift */; };
		CE15DB632877D72500C20D9A /* NewsListViewModel.swift in Sources */ = {isa = PBXBuildFile; fileRef = CE15DB622877D72500C20D9A /* NewsListViewModel.swift */; };
		CE1AB7892875301A00CB0A69 /* SearchBar.swift in Sources */ = {isa = PBXBuildFile; fileRef = CE1AB7882875301900CB0A69 /* SearchBar.swift */; };
		CE3A522C2878644500959255 /* NewsAPI.swift in Sources */ = {isa = PBXBuildFile; fileRef = CE3A522B2878644500959255 /* NewsAPI.swift */; };
		CE41AB992873A52D0073CE79 /* SearchError.swift in Sources */ = {isa = PBXBuildFile; fileRef = CE41AB982873A52D0073CE79 /* SearchError.swift */; };
		CE42FD2A2873DDBC00B379D1 /* NewsListCellData.swift in Sources */ = {isa = PBXBuildFile; fileRef = CE42FD292873DDBC00B379D1 /* NewsListCellData.swift */; };
		CE42FD302873DFC300B379D1 /* NewsListView.swift in Sources */ = {isa = PBXBuildFile; fileRef = CE42FD2F2873DFC300B379D1 /* NewsListView.swift */; };
		CE42FD322873E05900B379D1 /* NewsListCell.swift in Sources */ = {isa = PBXBuildFile; fileRef = CE42FD312873E05900B379D1 /* NewsListCell.swift */; };
		CE42FD352873E0C600B379D1 /* SnapKit in Frameworks */ = {isa = PBXBuildFile; productRef = CE42FD342873E0C600B379D1 /* SnapKit */; };
		CE4713FD28729FBB00D82DED /* AppDelegate.swift in Sources */ = {isa = PBXBuildFile; fileRef = CE4713FC28729FBB00D82DED /* AppDelegate.swift */; };
		CE4713FF28729FBB00D82DED /* SceneDelegate.swift in Sources */ = {isa = PBXBuildFile; fileRef = CE4713FE28729FBB00D82DED /* SceneDelegate.swift */; };
		CE47140128729FBB00D82DED /* KeywordNewsViewController.swift in Sources */ = {isa = PBXBuildFile; fileRef = CE47140028729FBB00D82DED /* KeywordNewsViewController.swift */; };
		CE47140628729FBE00D82DED /* Assets.xcassets in Resources */ = {isa = PBXBuildFile; fileRef = CE47140528729FBE00D82DED /* Assets.xcassets */; };
		CE47140928729FBE00D82DED /* LaunchScreen.storyboard in Resources */ = {isa = PBXBuildFile; fileRef = CE47140728729FBE00D82DED /* LaunchScreen.storyboard */; };
		CE47141428729FBE00D82DED /* KeywordNewsTests.swift in Sources */ = {isa = PBXBuildFile; fileRef = CE47141328729FBE00D82DED /* KeywordNewsTests.swift */; };
		CE47141E28729FBE00D82DED /* KeywordNewsUITests.swift in Sources */ = {isa = PBXBuildFile; fileRef = CE47141D28729FBE00D82DED /* KeywordNewsUITests.swift */; };
		CE47142028729FBE00D82DED /* KeywordNewsUITestsLaunchTests.swift in Sources */ = {isa = PBXBuildFile; fileRef = CE47141F28729FBE00D82DED /* KeywordNewsUITestsLaunchTests.swift */; };
		CE4714322872A2B800D82DED /* String+.swift in Sources */ = {isa = PBXBuildFile; fileRef = CE4714312872A2B800D82DED /* String+.swift */; };
		CE4714342872A3CD00D82DED /* News.swift in Sources */ = {isa = PBXBuildFile; fileRef = CE4714332872A3CD00D82DED /* News.swift */; };
		CE4714362872A4A600D82DED /* NewsNetwork.swift in Sources */ = {isa = PBXBuildFile; fileRef = CE4714352872A4A600D82DED /* NewsNetwork.swift */; };
		CE4906BC2875826E00EB51F2 /* NewsWebViewController.swift in Sources */ = {isa = PBXBuildFile; fileRef = CE4906BB2875826E00EB51F2 /* NewsWebViewController.swift */; };
/* End PBXBuildFile section */

/* Begin PBXContainerItemProxy section */
		CE47141028729FBE00D82DED /* PBXContainerItemProxy */ = {
			isa = PBXContainerItemProxy;
			containerPortal = CE4713F128729FBB00D82DED /* Project object */;
			proxyType = 1;
			remoteGlobalIDString = CE4713F828729FBB00D82DED;
			remoteInfo = KeywordNews;
		};
		CE47141A28729FBE00D82DED /* PBXContainerItemProxy */ = {
			isa = PBXContainerItemProxy;
			containerPortal = CE4713F128729FBB00D82DED /* Project object */;
			proxyType = 1;
			remoteGlobalIDString = CE4713F828729FBB00D82DED;
			remoteInfo = KeywordNews;
		};
/* End PBXContainerItemProxy section */

/* Begin PBXFileReference section */
		3C9708A5BD20EF1C52DBBD04 /* Pods_KeywordNews_KeywordNewsUITests.framework */ = {isa = PBXFileReference; explicitFileType = wrapper.framework; includeInIndex = 0; path = Pods_KeywordNews_KeywordNewsUITests.framework; sourceTree = BUILT_PRODUCTS_DIR; };
		3F59A06BAE5067DACBF5FE3E /* Pods_KeywordNews.framework */ = {isa = PBXFileReference; explicitFileType = wrapper.framework; includeInIndex = 0; path = Pods_KeywordNews.framework; sourceTree = BUILT_PRODUCTS_DIR; };
		716CF66EC084EE9BC5E4A770 /* Pods_KeywordNewsTests.framework */ = {isa = PBXFileReference; explicitFileType = wrapper.framework; includeInIndex = 0; path = Pods_KeywordNewsTests.framework; sourceTree = BUILT_PRODUCTS_DIR; };
		7E27D20296EB56EEADE90435 /* Pods-KeywordNews.debug.xcconfig */ = {isa = PBXFileReference; includeInIndex = 1; lastKnownFileType = text.xcconfig; name = "Pods-KeywordNews.debug.xcconfig"; path = "Target Support Files/Pods-KeywordNews/Pods-KeywordNews.debug.xcconfig"; sourceTree = "<group>"; };
		8706BE298479E0478A0E270A /* Pods-KeywordNews-KeywordNewsUITests.debug.xcconfig */ = {isa = PBXFileReference; includeInIndex = 1; lastKnownFileType = text.xcconfig; name = "Pods-KeywordNews-KeywordNewsUITests.debug.xcconfig"; path = "Target Support Files/Pods-KeywordNews-KeywordNewsUITests/Pods-KeywordNews-KeywordNewsUITests.debug.xcconfig"; sourceTree = "<group>"; };
		A59BB4A910AD50ACE5F4EA54 /* Pods-KeywordNewsTests.release.xcconfig */ = {isa = PBXFileReference; includeInIndex = 1; lastKnownFileType = text.xcconfig; name = "Pods-KeywordNewsTests.release.xcconfig"; path = "Target Support Files/Pods-KeywordNewsTests/Pods-KeywordNewsTests.release.xcconfig"; sourceTree = "<group>"; };
		B0EF43F378C4E7BC8E2EB82E /* Pods-KeywordNews.release.xcconfig */ = {isa = PBXFileReference; includeInIndex = 1; lastKnownFileType = text.xcconfig; name = "Pods-KeywordNews.release.xcconfig"; path = "Target Support Files/Pods-KeywordNews/Pods-KeywordNews.release.xcconfig"; sourceTree = "<group>"; };
		BFF6E3AD83D76C7CDCDBA2FE /* Pods-KeywordNewsTests.debug.xcconfig */ = {isa = PBXFileReference; includeInIndex = 1; lastKnownFileType = text.xcconfig; name = "Pods-KeywordNewsTests.debug.xcconfig"; path = "Target Support Files/Pods-KeywordNewsTests/Pods-KeywordNewsTests.debug.xcconfig"; sourceTree = "<group>"; };
		CE15DB5B2877D48900C20D9A /* KeywordNewsViewModel.swift */ = {isa = PBXFileReference; lastKnownFileType = sourcecode.swift; path = KeywordNewsViewModel.swift; sourceTree = "<group>"; };
		CE15DB5D2877D4BE00C20D9A /* KeywordNewsModel.swift */ = {isa = PBXFileReference; lastKnownFileType = sourcecode.swift; path = KeywordNewsModel.swift; sourceTree = "<group>"; };
		CE15DB602877D65200C20D9A /* SearchBarViewModel.swift */ = {isa = PBXFileReference; lastKnownFileType = sourcecode.swift; path = SearchBarViewModel.swift; sourceTree = "<group>"; };
		CE15DB622877D72500C20D9A /* NewsListViewModel.swift */ = {isa = PBXFileReference; lastKnownFileType = sourcecode.swift; path = NewsListViewModel.swift; sourceTree = "<group>"; };
		CE1AB7882875301900CB0A69 /* SearchBar.swift */ = {isa = PBXFileReference; lastKnownFileType = sourcecode.swift; path = SearchBar.swift; sourceTree = "<group>"; };
		CE3A522B2878644500959255 /* NewsAPI.swift */ = {isa = PBXFileReference; lastKnownFileType = sourcecode.swift; path = NewsAPI.swift; sourceTree = "<group>"; };
		CE41AB982873A52D0073CE79 /* SearchError.swift */ = {isa = PBXFileReference; lastKnownFileType = sourcecode.swift; path = SearchError.swift; sourceTree = "<group>"; };
		CE42FD292873DDBC00B379D1 /* NewsListCellData.swift */ = {isa = PBXFileReference; lastKnownFileType = sourcecode.swift; path = NewsListCellData.swift; sourceTree = "<group>"; };
		CE42FD2F2873DFC300B379D1 /* NewsListView.swift */ = {isa = PBXFileReference; lastKnownFileType = sourcecode.swift; path = NewsListView.swift; sourceTree = "<group>"; };
		CE42FD312873E05900B379D1 /* NewsListCell.swift */ = {isa = PBXFileReference; lastKnownFileType = sourcecode.swift; path = NewsListCell.swift; sourceTree = "<group>"; };
		CE4713F928729FBB00D82DED /* KeywordNews.app */ = {isa = PBXFileReference; explicitFileType = wrapper.application; includeInIndex = 0; path = KeywordNews.app; sourceTree = BUILT_PRODUCTS_DIR; };
		CE4713FC28729FBB00D82DED /* AppDelegate.swift */ = {isa = PBXFileReference; lastKnownFileType = sourcecode.swift; path = AppDelegate.swift; sourceTree = "<group>"; };
		CE4713FE28729FBB00D82DED /* SceneDelegate.swift */ = {isa = PBXFileReference; lastKnownFileType = sourcecode.swift; path = SceneDelegate.swift; sourceTree = "<group>"; };
		CE47140028729FBB00D82DED /* KeywordNewsViewController.swift */ = {isa = PBXFileReference; lastKnownFileType = sourcecode.swift; path = KeywordNewsViewController.swift; sourceTree = "<group>"; };
		CE47140528729FBE00D82DED /* Assets.xcassets */ = {isa = PBXFileReference; lastKnownFileType = folder.assetcatalog; path = Assets.xcassets; sourceTree = "<group>"; };
		CE47140828729FBE00D82DED /* Base */ = {isa = PBXFileReference; lastKnownFileType = file.storyboard; name = Base; path = Base.lproj/LaunchScreen.storyboard; sourceTree = "<group>"; };
		CE47140A28729FBE00D82DED /* Info.plist */ = {isa = PBXFileReference; lastKnownFileType = text.plist.xml; path = Info.plist; sourceTree = "<group>"; };
		CE47140F28729FBE00D82DED /* KeywordNewsTests.xctest */ = {isa = PBXFileReference; explicitFileType = wrapper.cfbundle; includeInIndex = 0; path = KeywordNewsTests.xctest; sourceTree = BUILT_PRODUCTS_DIR; };
		CE47141328729FBE00D82DED /* KeywordNewsTests.swift */ = {isa = PBXFileReference; lastKnownFileType = sourcecode.swift; path = KeywordNewsTests.swift; sourceTree = "<group>"; };
		CE47141928729FBE00D82DED /* KeywordNewsUITests.xctest */ = {isa = PBXFileReference; explicitFileType = wrapper.cfbundle; includeInIndex = 0; path = KeywordNewsUITests.xctest; sourceTree = BUILT_PRODUCTS_DIR; };
		CE47141D28729FBE00D82DED /* KeywordNewsUITests.swift */ = {isa = PBXFileReference; lastKnownFileType = sourcecode.swift; path = KeywordNewsUITests.swift; sourceTree = "<group>"; };
		CE47141F28729FBE00D82DED /* KeywordNewsUITestsLaunchTests.swift */ = {isa = PBXFileReference; lastKnownFileType = sourcecode.swift; path = KeywordNewsUITestsLaunchTests.swift; sourceTree = "<group>"; };
		CE4714312872A2B800D82DED /* String+.swift */ = {isa = PBXFileReference; lastKnownFileType = sourcecode.swift; path = "String+.swift"; sourceTree = "<group>"; };
		CE4714332872A3CD00D82DED /* News.swift */ = {isa = PBXFileReference; lastKnownFileType = sourcecode.swift; path = News.swift; sourceTree = "<group>"; };
		CE4714352872A4A600D82DED /* NewsNetwork.swift */ = {isa = PBXFileReference; lastKnownFileType = sourcecode.swift; path = NewsNetwork.swift; sourceTree = "<group>"; };
		CE4906BB2875826E00EB51F2 /* NewsWebViewController.swift */ = {isa = PBXFileReference; lastKnownFileType = sourcecode.swift; path = NewsWebViewController.swift; sourceTree = "<group>"; };
		F586BAA234F6FFC1513A375D /* Pods-KeywordNews-KeywordNewsUITests.release.xcconfig */ = {isa = PBXFileReference; includeInIndex = 1; lastKnownFileType = text.xcconfig; name = "Pods-KeywordNews-KeywordNewsUITests.release.xcconfig"; path = "Target Support Files/Pods-KeywordNews-KeywordNewsUITests/Pods-KeywordNews-KeywordNewsUITests.release.xcconfig"; sourceTree = "<group>"; };
/* End PBXFileReference section */

/* Begin PBXFrameworksBuildPhase section */
		CE4713F628729FBB00D82DED /* Frameworks */ = {
			isa = PBXFrameworksBuildPhase;
			buildActionMask = 2147483647;
			files = (
				38314D7B6EBA34D8E9D1E497 /* Pods_KeywordNews.framework in Frameworks */,
				CE42FD352873E0C600B379D1 /* SnapKit in Frameworks */,
			);
			runOnlyForDeploymentPostprocessing = 0;
		};
		CE47140C28729FBE00D82DED /* Frameworks */ = {
			isa = PBXFrameworksBuildPhase;
			buildActionMask = 2147483647;
			files = (
				9A90923641B962901996B074 /* Pods_KeywordNewsTests.framework in Frameworks */,
			);
			runOnlyForDeploymentPostprocessing = 0;
		};
		CE47141628729FBE00D82DED /* Frameworks */ = {
			isa = PBXFrameworksBuildPhase;
			buildActionMask = 2147483647;
			files = (
				B75D8ECD258524D554D5BB96 /* Pods_KeywordNews_KeywordNewsUITests.framework in Frameworks */,
			);
			runOnlyForDeploymentPostprocessing = 0;
		};
/* End PBXFrameworksBuildPhase section */

/* Begin PBXGroup section */
		9045FAC122A2B1104ABC64A2 /* Frameworks */ = {
			isa = PBXGroup;
			children = (
				3F59A06BAE5067DACBF5FE3E /* Pods_KeywordNews.framework */,
				3C9708A5BD20EF1C52DBBD04 /* Pods_KeywordNews_KeywordNewsUITests.framework */,
				716CF66EC084EE9BC5E4A770 /* Pods_KeywordNewsTests.framework */,
			);
			name = Frameworks;
			sourceTree = "<group>";
		};
		CE15DB592877D46C00C20D9A /* NewsList */ = {
			isa = PBXGroup;
			children = (
				CE47140028729FBB00D82DED /* KeywordNewsViewController.swift */,
				CE15DB5B2877D48900C20D9A /* KeywordNewsViewModel.swift */,
				CE15DB5D2877D4BE00C20D9A /* KeywordNewsModel.swift */,
			);
			path = NewsList;
			sourceTree = "<group>";
		};
		CE15DB5A2877D47300C20D9A /* NewsWeb */ = {
			isa = PBXGroup;
			children = (
				CE4906BB2875826E00EB51F2 /* NewsWebViewController.swift */,
			);
			path = NewsWeb;
			sourceTree = "<group>";
		};
		CE15DB5F2877D63200C20D9A /* SearchBar */ = {
			isa = PBXGroup;
			children = (
				CE1AB7882875301900CB0A69 /* SearchBar.swift */,
				CE15DB602877D65200C20D9A /* SearchBarViewModel.swift */,
			);
			path = SearchBar;
			sourceTree = "<group>";
		};
		CE41AB9A2873A59E0073CE79 /* Scenes */ = {
			isa = PBXGroup;
			children = (
				CE42FD2D2873DF8300B379D1 /* Views */,
				CE15DB5F2877D63200C20D9A /* SearchBar */,
				CE42FD2E2873DF9100B379D1 /* Cells */,
			);
			path = Scenes;
			sourceTree = "<group>";
		};
		CE42FD2D2873DF8300B379D1 /* Views */ = {
			isa = PBXGroup;
			children = (
				CE15DB592877D46C00C20D9A /* NewsList */,
				CE15DB5A2877D47300C20D9A /* NewsWeb */,
			);
			path = Views;
			sourceTree = "<group>";
		};
		CE42FD2E2873DF9100B379D1 /* Cells */ = {
			isa = PBXGroup;
			children = (
				CE42FD2F2873DFC300B379D1 /* NewsListView.swift */,
				CE15DB622877D72500C20D9A /* NewsListViewModel.swift */,
				CE42FD312873E05900B379D1 /* NewsListCell.swift */,
			);
			path = Cells;
			sourceTree = "<group>";
		};
		CE4713F028729FBB00D82DED = {
			isa = PBXGroup;
			children = (
				CE4713FB28729FBB00D82DED /* KeywordNews */,
				CE47141228729FBE00D82DED /* KeywordNewsTests */,
				CE47141C28729FBE00D82DED /* KeywordNewsUITests */,
				CE4713FA28729FBB00D82DED /* Products */,
				D4EC7A6BD1AA95FE96944652 /* Pods */,
				9045FAC122A2B1104ABC64A2 /* Frameworks */,
			);
			sourceTree = "<group>";
		};
		CE4713FA28729FBB00D82DED /* Products */ = {
			isa = PBXGroup;
			children = (
				CE4713F928729FBB00D82DED /* KeywordNews.app */,
				CE47140F28729FBE00D82DED /* KeywordNewsTests.xctest */,
				CE47141928729FBE00D82DED /* KeywordNewsUITests.xctest */,
			);
			name = Products;
			sourceTree = "<group>";
		};
		CE4713FB28729FBB00D82DED /* KeywordNews */ = {
			isa = PBXGroup;
			children = (
				CE4713FC28729FBB00D82DED /* AppDelegate.swift */,
				CE4713FE28729FBB00D82DED /* SceneDelegate.swift */,
				CE4714312872A2B800D82DED /* String+.swift */,
				CE4714302872A24600D82DED /* Model */,
				CE4714372872A4AB00D82DED /* Network */,
				CE41AB9A2873A59E0073CE79 /* Scenes */,
				CE47140528729FBE00D82DED /* Assets.xcassets */,
				CE47140728729FBE00D82DED /* LaunchScreen.storyboard */,
				CE47140A28729FBE00D82DED /* Info.plist */,
			);
			path = KeywordNews;
			sourceTree = "<group>";
		};
		CE47141228729FBE00D82DED /* KeywordNewsTests */ = {
			isa = PBXGroup;
			children = (
				CE47141328729FBE00D82DED /* KeywordNewsTests.swift */,
			);
			path = KeywordNewsTests;
			sourceTree = "<group>";
		};
		CE47141C28729FBE00D82DED /* KeywordNewsUITests */ = {
			isa = PBXGroup;
			children = (
				CE47141D28729FBE00D82DED /* KeywordNewsUITests.swift */,
				CE47141F28729FBE00D82DED /* KeywordNewsUITestsLaunchTests.swift */,
			);
			path = KeywordNewsUITests;
			sourceTree = "<group>";
		};
		CE4714302872A24600D82DED /* Model */ = {
			isa = PBXGroup;
			children = (
				CE4714332872A3CD00D82DED /* News.swift */,
				CE42FD292873DDBC00B379D1 /* NewsListCellData.swift */,
				CE41AB982873A52D0073CE79 /* SearchError.swift */,
			);
			path = Model;
			sourceTree = "<group>";
		};
		CE4714372872A4AB00D82DED /* Network */ = {
			isa = PBXGroup;
			children = (
				CE4714352872A4A600D82DED /* NewsNetwork.swift */,
				CE3A522B2878644500959255 /* NewsAPI.swift */,
			);
			path = Network;
			sourceTree = "<group>";
		};
		D4EC7A6BD1AA95FE96944652 /* Pods */ = {
			isa = PBXGroup;
			children = (
				7E27D20296EB56EEADE90435 /* Pods-KeywordNews.debug.xcconfig */,
				B0EF43F378C4E7BC8E2EB82E /* Pods-KeywordNews.release.xcconfig */,
				8706BE298479E0478A0E270A /* Pods-KeywordNews-KeywordNewsUITests.debug.xcconfig */,
				F586BAA234F6FFC1513A375D /* Pods-KeywordNews-KeywordNewsUITests.release.xcconfig */,
				BFF6E3AD83D76C7CDCDBA2FE /* Pods-KeywordNewsTests.debug.xcconfig */,
				A59BB4A910AD50ACE5F4EA54 /* Pods-KeywordNewsTests.release.xcconfig */,
			);
			path = Pods;
			sourceTree = "<group>";
		};
/* End PBXGroup section */

/* Begin PBXNativeTarget section */
		CE4713F828729FBB00D82DED /* KeywordNews */ = {
			isa = PBXNativeTarget;
			buildConfigurationList = CE47142328729FBE00D82DED /* Build configuration list for PBXNativeTarget "KeywordNews" */;
			buildPhases = (
				1E31B70AF3BBD3C9AC86ABEE /* [CP] Check Pods Manifest.lock */,
				CE4713F528729FBB00D82DED /* Sources */,
				CE4713F628729FBB00D82DED /* Frameworks */,
				CE4713F728729FBB00D82DED /* Resources */,
				F408CF7E1924AA0CD86388D7 /* [CP] Embed Pods Frameworks */,
			);
			buildRules = (
			);
			dependencies = (
			);
			name = KeywordNews;
			packageProductDependencies = (
				CE42FD342873E0C600B379D1 /* SnapKit */,
			);
			productName = KeywordNews;
			productReference = CE4713F928729FBB00D82DED /* KeywordNews.app */;
			productType = "com.apple.product-type.application";
		};
		CE47140E28729FBE00D82DED /* KeywordNewsTests */ = {
			isa = PBXNativeTarget;
			buildConfigurationList = CE47142628729FBE00D82DED /* Build configuration list for PBXNativeTarget "KeywordNewsTests" */;
			buildPhases = (
				CF951D2D9C526290C3EE4A91 /* [CP] Check Pods Manifest.lock */,
				CE47140B28729FBE00D82DED /* Sources */,
				CE47140C28729FBE00D82DED /* Frameworks */,
				CE47140D28729FBE00D82DED /* Resources */,
			);
			buildRules = (
			);
			dependencies = (
				CE47141128729FBE00D82DED /* PBXTargetDependency */,
			);
			name = KeywordNewsTests;
			productName = KeywordNewsTests;
			productReference = CE47140F28729FBE00D82DED /* KeywordNewsTests.xctest */;
			productType = "com.apple.product-type.bundle.unit-test";
		};
		CE47141828729FBE00D82DED /* KeywordNewsUITests */ = {
			isa = PBXNativeTarget;
			buildConfigurationList = CE47142928729FBE00D82DED /* Build configuration list for PBXNativeTarget "KeywordNewsUITests" */;
			buildPhases = (
				E450081C1760FB28A77FB806 /* [CP] Check Pods Manifest.lock */,
				CE47141528729FBE00D82DED /* Sources */,
				CE47141628729FBE00D82DED /* Frameworks */,
				CE47141728729FBE00D82DED /* Resources */,
				FA92D88A37287FAFFE5E4AFF /* [CP] Embed Pods Frameworks */,
			);
			buildRules = (
			);
			dependencies = (
				CE47141B28729FBE00D82DED /* PBXTargetDependency */,
			);
			name = KeywordNewsUITests;
			productName = KeywordNewsUITests;
			productReference = CE47141928729FBE00D82DED /* KeywordNewsUITests.xctest */;
			productType = "com.apple.product-type.bundle.ui-testing";
		};
/* End PBXNativeTarget section */

/* Begin PBXProject section */
		CE4713F128729FBB00D82DED /* Project object */ = {
			isa = PBXProject;
			attributes = {
				BuildIndependentTargetsInParallel = 1;
				LastSwiftUpdateCheck = 1340;
				LastUpgradeCheck = 1340;
				TargetAttributes = {
					CE4713F828729FBB00D82DED = {
						CreatedOnToolsVersion = 13.4.1;
					};
					CE47140E28729FBE00D82DED = {
						CreatedOnToolsVersion = 13.4.1;
						TestTargetID = CE4713F828729FBB00D82DED;
					};
					CE47141828729FBE00D82DED = {
						CreatedOnToolsVersion = 13.4.1;
						TestTargetID = CE4713F828729FBB00D82DED;
					};
				};
			};
			buildConfigurationList = CE4713F428729FBB00D82DED /* Build configuration list for PBXProject "KeywordNews" */;
			compatibilityVersion = "Xcode 13.0";
			developmentRegion = en;
			hasScannedForEncodings = 0;
			knownRegions = (
				en,
				Base,
			);
			mainGroup = CE4713F028729FBB00D82DED;
			packageReferences = (
				CE42FD332873E0C600B379D1 /* XCRemoteSwiftPackageReference "SnapKit" */,
			);
			productRefGroup = CE4713FA28729FBB00D82DED /* Products */;
			projectDirPath = "";
			projectRoot = "";
			targets = (
				CE4713F828729FBB00D82DED /* KeywordNews */,
				CE47140E28729FBE00D82DED /* KeywordNewsTests */,
				CE47141828729FBE00D82DED /* KeywordNewsUITests */,
			);
		};
/* End PBXProject section */

/* Begin PBXResourcesBuildPhase section */
		CE4713F728729FBB00D82DED /* Resources */ = {
			isa = PBXResourcesBuildPhase;
			buildActionMask = 2147483647;
			files = (
				CE47140928729FBE00D82DED /* LaunchScreen.storyboard in Resources */,
				CE47140628729FBE00D82DED /* Assets.xcassets in Resources */,
			);
			runOnlyForDeploymentPostprocessing = 0;
		};
		CE47140D28729FBE00D82DED /* Resources */ = {
			isa = PBXResourcesBuildPhase;
			buildActionMask = 2147483647;
			files = (
			);
			runOnlyForDeploymentPostprocessing = 0;
		};
		CE47141728729FBE00D82DED /* Resources */ = {
			isa = PBXResourcesBuildPhase;
			buildActionMask = 2147483647;
			files = (
			);
			runOnlyForDeploymentPostprocessing = 0;
		};
/* End PBXResourcesBuildPhase section */

/* Begin PBXShellScriptBuildPhase section */
		1E31B70AF3BBD3C9AC86ABEE /* [CP] Check Pods Manifest.lock */ = {
			isa = PBXShellScriptBuildPhase;
			buildActionMask = 2147483647;
			files = (
			);
			inputFileListPaths = (
			);
			inputPaths = (
				"${PODS_PODFILE_DIR_PATH}/Podfile.lock",
				"${PODS_ROOT}/Manifest.lock",
			);
			name = "[CP] Check Pods Manifest.lock";
			outputFileListPaths = (
			);
			outputPaths = (
				"$(DERIVED_FILE_DIR)/Pods-KeywordNews-checkManifestLockResult.txt",
			);
			runOnlyForDeploymentPostprocessing = 0;
			shellPath = /bin/sh;
			shellScript = "diff \"${PODS_PODFILE_DIR_PATH}/Podfile.lock\" \"${PODS_ROOT}/Manifest.lock\" > /dev/null\nif [ $? != 0 ] ; then\n    # print error to STDERR\n    echo \"error: The sandbox is not in sync with the Podfile.lock. Run 'pod install' or update your CocoaPods installation.\" >&2\n    exit 1\nfi\n# This output is used by Xcode 'outputs' to avoid re-running this script phase.\necho \"SUCCESS\" > \"${SCRIPT_OUTPUT_FILE_0}\"\n";
			showEnvVarsInLog = 0;
		};
		CF951D2D9C526290C3EE4A91 /* [CP] Check Pods Manifest.lock */ = {
			isa = PBXShellScriptBuildPhase;
			buildActionMask = 2147483647;
			files = (
			);
			inputFileListPaths = (
			);
			inputPaths = (
				"${PODS_PODFILE_DIR_PATH}/Podfile.lock",
				"${PODS_ROOT}/Manifest.lock",
			);
			name = "[CP] Check Pods Manifest.lock";
			outputFileListPaths = (
			);
			outputPaths = (
				"$(DERIVED_FILE_DIR)/Pods-KeywordNewsTests-checkManifestLockResult.txt",
			);
			runOnlyForDeploymentPostprocessing = 0;
			shellPath = /bin/sh;
			shellScript = "diff \"${PODS_PODFILE_DIR_PATH}/Podfile.lock\" \"${PODS_ROOT}/Manifest.lock\" > /dev/null\nif [ $? != 0 ] ; then\n    # print error to STDERR\n    echo \"error: The sandbox is not in sync with the Podfile.lock. Run 'pod install' or update your CocoaPods installation.\" >&2\n    exit 1\nfi\n# This output is used by Xcode 'outputs' to avoid re-running this script phase.\necho \"SUCCESS\" > \"${SCRIPT_OUTPUT_FILE_0}\"\n";
			showEnvVarsInLog = 0;
		};
		E450081C1760FB28A77FB806 /* [CP] Check Pods Manifest.lock */ = {
			isa = PBXShellScriptBuildPhase;
			buildActionMask = 2147483647;
			files = (
			);
			inputFileListPaths = (
			);
			inputPaths = (
				"${PODS_PODFILE_DIR_PATH}/Podfile.lock",
				"${PODS_ROOT}/Manifest.lock",
			);
			name = "[CP] Check Pods Manifest.lock";
			outputFileListPaths = (
			);
			outputPaths = (
				"$(DERIVED_FILE_DIR)/Pods-KeywordNews-KeywordNewsUITests-checkManifestLockResult.txt",
			);
			runOnlyForDeploymentPostprocessing = 0;
			shellPath = /bin/sh;
			shellScript = "diff \"${PODS_PODFILE_DIR_PATH}/Podfile.lock\" \"${PODS_ROOT}/Manifest.lock\" > /dev/null\nif [ $? != 0 ] ; then\n    # print error to STDERR\n    echo \"error: The sandbox is not in sync with the Podfile.lock. Run 'pod install' or update your CocoaPods installation.\" >&2\n    exit 1\nfi\n# This output is used by Xcode 'outputs' to avoid re-running this script phase.\necho \"SUCCESS\" > \"${SCRIPT_OUTPUT_FILE_0}\"\n";
			showEnvVarsInLog = 0;
		};
		F408CF7E1924AA0CD86388D7 /* [CP] Embed Pods Frameworks */ = {
			isa = PBXShellScriptBuildPhase;
			buildActionMask = 2147483647;
			files = (
			);
			inputFileListPaths = (
				"${PODS_ROOT}/Target Support Files/Pods-KeywordNews/Pods-KeywordNews-frameworks-${CONFIGURATION}-input-files.xcfilelist",
			);
			name = "[CP] Embed Pods Frameworks";
			outputFileListPaths = (
				"${PODS_ROOT}/Target Support Files/Pods-KeywordNews/Pods-KeywordNews-frameworks-${CONFIGURATION}-output-files.xcfilelist",
			);
			runOnlyForDeploymentPostprocessing = 0;
			shellPath = /bin/sh;
			shellScript = "\"${PODS_ROOT}/Target Support Files/Pods-KeywordNews/Pods-KeywordNews-frameworks.sh\"\n";
			showEnvVarsInLog = 0;
		};
		FA92D88A37287FAFFE5E4AFF /* [CP] Embed Pods Frameworks */ = {
			isa = PBXShellScriptBuildPhase;
			buildActionMask = 2147483647;
			files = (
			);
			inputFileListPaths = (
				"${PODS_ROOT}/Target Support Files/Pods-KeywordNews-KeywordNewsUITests/Pods-KeywordNews-KeywordNewsUITests-frameworks-${CONFIGURATION}-input-files.xcfilelist",
			);
			name = "[CP] Embed Pods Frameworks";
			outputFileListPaths = (
				"${PODS_ROOT}/Target Support Files/Pods-KeywordNews-KeywordNewsUITests/Pods-KeywordNews-KeywordNewsUITests-frameworks-${CONFIGURATION}-output-files.xcfilelist",
			);
			runOnlyForDeploymentPostprocessing = 0;
			shellPath = /bin/sh;
			shellScript = "\"${PODS_ROOT}/Target Support Files/Pods-KeywordNews-KeywordNewsUITests/Pods-KeywordNews-KeywordNewsUITests-frameworks.sh\"\n";
			showEnvVarsInLog = 0;
		};
/* End PBXShellScriptBuildPhase section */

/* Begin PBXSourcesBuildPhase section */
		CE4713F528729FBB00D82DED /* Sources */ = {
			isa = PBXSourcesBuildPhase;
			buildActionMask = 2147483647;
			files = (
				CE47140128729FBB00D82DED /* KeywordNewsViewController.swift in Sources */,
				CE4713FD28729FBB00D82DED /* AppDelegate.swift in Sources */,
				CE41AB992873A52D0073CE79 /* SearchError.swift in Sources */,
				CE4714322872A2B800D82DED /* String+.swift in Sources */,
				CE15DB5E2877D4BE00C20D9A /* KeywordNewsModel.swift in Sources */,
				CE42FD2A2873DDBC00B379D1 /* NewsListCellData.swift in Sources */,
				CE4714362872A4A600D82DED /* NewsNetwork.swift in Sources */,
				CE3A522C2878644500959255 /* NewsAPI.swift in Sources */,
				CE15DB632877D72500C20D9A /* NewsListViewModel.swift in Sources */,
				CE42FD322873E05900B379D1 /* NewsListCell.swift in Sources */,
				CE4714342872A3CD00D82DED /* News.swift in Sources */,
				CE4906BC2875826E00EB51F2 /* NewsWebViewController.swift in Sources */,
				CE15DB5C2877D48900C20D9A /* KeywordNewsViewModel.swift in Sources */,
				CE42FD302873DFC300B379D1 /* NewsListView.swift in Sources */,
				CE15DB612877D65200C20D9A /* SearchBarViewModel.swift in Sources */,
				CE1AB7892875301A00CB0A69 /* SearchBar.swift in Sources */,
				CE4713FF28729FBB00D82DED /* SceneDelegate.swift in Sources */,
			);
			runOnlyForDeploymentPostprocessing = 0;
		};
		CE47140B28729FBE00D82DED /* Sources */ = {
			isa = PBXSourcesBuildPhase;
			buildActionMask = 2147483647;
			files = (
				CE47141428729FBE00D82DED /* KeywordNewsTests.swift in Sources */,
			);
			runOnlyForDeploymentPostprocessing = 0;
		};
		CE47141528729FBE00D82DED /* Sources */ = {
			isa = PBXSourcesBuildPhase;
			buildActionMask = 2147483647;
			files = (
				CE47141E28729FBE00D82DED /* KeywordNewsUITests.swift in Sources */,
				CE47142028729FBE00D82DED /* KeywordNewsUITestsLaunchTests.swift in Sources */,
			);
			runOnlyForDeploymentPostprocessing = 0;
		};
/* End PBXSourcesBuildPhase section */

/* Begin PBXTargetDependency section */
		CE47141128729FBE00D82DED /* PBXTargetDependency */ = {
			isa = PBXTargetDependency;
			target = CE4713F828729FBB00D82DED /* KeywordNews */;
			targetProxy = CE47141028729FBE00D82DED /* PBXContainerItemProxy */;
		};
		CE47141B28729FBE00D82DED /* PBXTargetDependency */ = {
			isa = PBXTargetDependency;
			target = CE4713F828729FBB00D82DED /* KeywordNews */;
			targetProxy = CE47141A28729FBE00D82DED /* PBXContainerItemProxy */;
		};
/* End PBXTargetDependency section */

/* Begin PBXVariantGroup section */
		CE47140728729FBE00D82DED /* LaunchScreen.storyboard */ = {
			isa = PBXVariantGroup;
			children = (
				CE47140828729FBE00D82DED /* Base */,
			);
			name = LaunchScreen.storyboard;
			sourceTree = "<group>";
		};
/* End PBXVariantGroup section */

/* Begin XCBuildConfiguration section */
		CE47142128729FBE00D82DED /* Debug */ = {
			isa = XCBuildConfiguration;
			buildSettings = {
				ALWAYS_SEARCH_USER_PATHS = NO;
				CLANG_ANALYZER_NONNULL = YES;
				CLANG_ANALYZER_NUMBER_OBJECT_CONVERSION = YES_AGGRESSIVE;
				CLANG_CXX_LANGUAGE_STANDARD = "gnu++17";
				CLANG_ENABLE_MODULES = YES;
				CLANG_ENABLE_OBJC_ARC = YES;
				CLANG_ENABLE_OBJC_WEAK = YES;
				CLANG_WARN_BLOCK_CAPTURE_AUTORELEASING = YES;
				CLANG_WARN_BOOL_CONVERSION = YES;
				CLANG_WARN_COMMA = YES;
				CLANG_WARN_CONSTANT_CONVERSION = YES;
				CLANG_WARN_DEPRECATED_OBJC_IMPLEMENTATIONS = YES;
				CLANG_WARN_DIRECT_OBJC_ISA_USAGE = YES_ERROR;
				CLANG_WARN_DOCUMENTATION_COMMENTS = YES;
				CLANG_WARN_EMPTY_BODY = YES;
				CLANG_WARN_ENUM_CONVERSION = YES;
				CLANG_WARN_INFINITE_RECURSION = YES;
				CLANG_WARN_INT_CONVERSION = YES;
				CLANG_WARN_NON_LITERAL_NULL_CONVERSION = YES;
				CLANG_WARN_OBJC_IMPLICIT_RETAIN_SELF = YES;
				CLANG_WARN_OBJC_LITERAL_CONVERSION = YES;
				CLANG_WARN_OBJC_ROOT_CLASS = YES_ERROR;
				CLANG_WARN_QUOTED_INCLUDE_IN_FRAMEWORK_HEADER = YES;
				CLANG_WARN_RANGE_LOOP_ANALYSIS = YES;
				CLANG_WARN_STRICT_PROTOTYPES = YES;
				CLANG_WARN_SUSPICIOUS_MOVE = YES;
				CLANG_WARN_UNGUARDED_AVAILABILITY = YES_AGGRESSIVE;
				CLANG_WARN_UNREACHABLE_CODE = YES;
				CLANG_WARN__DUPLICATE_METHOD_MATCH = YES;
				COPY_PHASE_STRIP = NO;
				DEBUG_INFORMATION_FORMAT = dwarf;
				ENABLE_STRICT_OBJC_MSGSEND = YES;
				ENABLE_TESTABILITY = YES;
				GCC_C_LANGUAGE_STANDARD = gnu11;
				GCC_DYNAMIC_NO_PIC = NO;
				GCC_NO_COMMON_BLOCKS = YES;
				GCC_OPTIMIZATION_LEVEL = 0;
				GCC_PREPROCESSOR_DEFINITIONS = (
					"DEBUG=1",
					"$(inherited)",
				);
				GCC_WARN_64_TO_32_BIT_CONVERSION = YES;
				GCC_WARN_ABOUT_RETURN_TYPE = YES_ERROR;
				GCC_WARN_UNDECLARED_SELECTOR = YES;
				GCC_WARN_UNINITIALIZED_AUTOS = YES_AGGRESSIVE;
				GCC_WARN_UNUSED_FUNCTION = YES;
				GCC_WARN_UNUSED_VARIABLE = YES;
				IPHONEOS_DEPLOYMENT_TARGET = 15.5;
				MTL_ENABLE_DEBUG_INFO = INCLUDE_SOURCE;
				MTL_FAST_MATH = YES;
				ONLY_ACTIVE_ARCH = YES;
				SDKROOT = iphoneos;
				SWIFT_ACTIVE_COMPILATION_CONDITIONS = DEBUG;
				SWIFT_OPTIMIZATION_LEVEL = "-Onone";
			};
			name = Debug;
		};
		CE47142228729FBE00D82DED /* Release */ = {
			isa = XCBuildConfiguration;
			buildSettings = {
				ALWAYS_SEARCH_USER_PATHS = NO;
				CLANG_ANALYZER_NONNULL = YES;
				CLANG_ANALYZER_NUMBER_OBJECT_CONVERSION = YES_AGGRESSIVE;
				CLANG_CXX_LANGUAGE_STANDARD = "gnu++17";
				CLANG_ENABLE_MODULES = YES;
				CLANG_ENABLE_OBJC_ARC = YES;
				CLANG_ENABLE_OBJC_WEAK = YES;
				CLANG_WARN_BLOCK_CAPTURE_AUTORELEASING = YES;
				CLANG_WARN_BOOL_CONVERSION = YES;
				CLANG_WARN_COMMA = YES;
				CLANG_WARN_CONSTANT_CONVERSION = YES;
				CLANG_WARN_DEPRECATED_OBJC_IMPLEMENTATIONS = YES;
				CLANG_WARN_DIRECT_OBJC_ISA_USAGE = YES_ERROR;
				CLANG_WARN_DOCUMENTATION_COMMENTS = YES;
				CLANG_WARN_EMPTY_BODY = YES;
				CLANG_WARN_ENUM_CONVERSION = YES;
				CLANG_WARN_INFINITE_RECURSION = YES;
				CLANG_WARN_INT_CONVERSION = YES;
				CLANG_WARN_NON_LITERAL_NULL_CONVERSION = YES;
				CLANG_WARN_OBJC_IMPLICIT_RETAIN_SELF = YES;
				CLANG_WARN_OBJC_LITERAL_CONVERSION = YES;
				CLANG_WARN_OBJC_ROOT_CLASS = YES_ERROR;
				CLANG_WARN_QUOTED_INCLUDE_IN_FRAMEWORK_HEADER = YES;
				CLANG_WARN_RANGE_LOOP_ANALYSIS = YES;
				CLANG_WARN_STRICT_PROTOTYPES = YES;
				CLANG_WARN_SUSPICIOUS_MOVE = YES;
				CLANG_WARN_UNGUARDED_AVAILABILITY = YES_AGGRESSIVE;
				CLANG_WARN_UNREACHABLE_CODE = YES;
				CLANG_WARN__DUPLICATE_METHOD_MATCH = YES;
				COPY_PHASE_STRIP = NO;
				DEBUG_INFORMATION_FORMAT = "dwarf-with-dsym";
				ENABLE_NS_ASSERTIONS = NO;
				ENABLE_STRICT_OBJC_MSGSEND = YES;
				GCC_C_LANGUAGE_STANDARD = gnu11;
				GCC_NO_COMMON_BLOCKS = YES;
				GCC_WARN_64_TO_32_BIT_CONVERSION = YES;
				GCC_WARN_ABOUT_RETURN_TYPE = YES_ERROR;
				GCC_WARN_UNDECLARED_SELECTOR = YES;
				GCC_WARN_UNINITIALIZED_AUTOS = YES_AGGRESSIVE;
				GCC_WARN_UNUSED_FUNCTION = YES;
				GCC_WARN_UNUSED_VARIABLE = YES;
				IPHONEOS_DEPLOYMENT_TARGET = 15.5;
				MTL_ENABLE_DEBUG_INFO = NO;
				MTL_FAST_MATH = YES;
				SDKROOT = iphoneos;
				SWIFT_COMPILATION_MODE = wholemodule;
				SWIFT_OPTIMIZATION_LEVEL = "-O";
				VALIDATE_PRODUCT = YES;
			};
			name = Release;
		};
		CE47142428729FBE00D82DED /* Debug */ = {
			isa = XCBuildConfiguration;
			baseConfigurationReference = 7E27D20296EB56EEADE90435 /* Pods-KeywordNews.debug.xcconfig */;
			buildSettings = {
				ASSETCATALOG_COMPILER_APPICON_NAME = AppIcon;
				ASSETCATALOG_COMPILER_GLOBAL_ACCENT_COLOR_NAME = AccentColor;
				CODE_SIGN_STYLE = Automatic;
				CURRENT_PROJECT_VERSION = 1;
				DEVELOPMENT_TEAM = B4SNVYSL93;
				GENERATE_INFOPLIST_FILE = YES;
				INFOPLIST_FILE = KeywordNews/Info.plist;
				INFOPLIST_KEY_UIApplicationSupportsIndirectInputEvents = YES;
				INFOPLIST_KEY_UILaunchStoryboardName = LaunchScreen;
				INFOPLIST_KEY_UISupportedInterfaceOrientations_iPad = "UIInterfaceOrientationPortrait UIInterfaceOrientationPortraitUpsideDown UIInterfaceOrientationLandscapeLeft UIInterfaceOrientationLandscapeRight";
				INFOPLIST_KEY_UISupportedInterfaceOrientations_iPhone = "UIInterfaceOrientationPortrait UIInterfaceOrientationLandscapeLeft UIInterfaceOrientationLandscapeRight";
				LD_RUNPATH_SEARCH_PATHS = (
					"$(inherited)",
					"@executable_path/Frameworks",
				);
				MARKETING_VERSION = 1.0;
				PRODUCT_BUNDLE_IDENTIFIER = "Dong-Hyeok-Kim.KeywordNews";
				PRODUCT_NAME = "$(TARGET_NAME)";
				SWIFT_EMIT_LOC_STRINGS = YES;
				SWIFT_VERSION = 5.0;
				TARGETED_DEVICE_FAMILY = "1,2";
			};
			name = Debug;
		};
		CE47142528729FBE00D82DED /* Release */ = {
			isa = XCBuildConfiguration;
			baseConfigurationReference = B0EF43F378C4E7BC8E2EB82E /* Pods-KeywordNews.release.xcconfig */;
			buildSettings = {
				ASSETCATALOG_COMPILER_APPICON_NAME = AppIcon;
				ASSETCATALOG_COMPILER_GLOBAL_ACCENT_COLOR_NAME = AccentColor;
				CODE_SIGN_STYLE = Automatic;
				CURRENT_PROJECT_VERSION = 1;
				DEVELOPMENT_TEAM = B4SNVYSL93;
				GENERATE_INFOPLIST_FILE = YES;
				INFOPLIST_FILE = KeywordNews/Info.plist;
				INFOPLIST_KEY_UIApplicationSupportsIndirectInputEvents = YES;
				INFOPLIST_KEY_UILaunchStoryboardName = LaunchScreen;
				INFOPLIST_KEY_UISupportedInterfaceOrientations_iPad = "UIInterfaceOrientationPortrait UIInterfaceOrientationPortraitUpsideDown UIInterfaceOrientationLandscapeLeft UIInterfaceOrientationLandscapeRight";
				INFOPLIST_KEY_UISupportedInterfaceOrientations_iPhone = "UIInterfaceOrientationPortrait UIInterfaceOrientationLandscapeLeft UIInterfaceOrientationLandscapeRight";
				LD_RUNPATH_SEARCH_PATHS = (
					"$(inherited)",
					"@executable_path/Frameworks",
				);
				MARKETING_VERSION = 1.0;
				PRODUCT_BUNDLE_IDENTIFIER = "Dong-Hyeok-Kim.KeywordNews";
				PRODUCT_NAME = "$(TARGET_NAME)";
				SWIFT_EMIT_LOC_STRINGS = YES;
				SWIFT_VERSION = 5.0;
				TARGETED_DEVICE_FAMILY = "1,2";
			};
			name = Release;
		};
		CE47142728729FBE00D82DED /* Debug */ = {
			isa = XCBuildConfiguration;
			baseConfigurationReference = BFF6E3AD83D76C7CDCDBA2FE /* Pods-KeywordNewsTests.debug.xcconfig */;
			buildSettings = {
				ALWAYS_EMBED_SWIFT_STANDARD_LIBRARIES = YES;
				BUNDLE_LOADER = "$(TEST_HOST)";
				CODE_SIGN_STYLE = Automatic;
				CURRENT_PROJECT_VERSION = 1;
				DEVELOPMENT_TEAM = B4SNVYSL93;
				GENERATE_INFOPLIST_FILE = YES;
				IPHONEOS_DEPLOYMENT_TARGET = 15.5;
				MARKETING_VERSION = 1.0;
				PRODUCT_BUNDLE_IDENTIFIER = "Dong-Hyeok-Kim.KeywordNewsTests";
				PRODUCT_NAME = "$(TARGET_NAME)";
				SWIFT_EMIT_LOC_STRINGS = NO;
				SWIFT_VERSION = 5.0;
				TARGETED_DEVICE_FAMILY = "1,2";
				TEST_HOST = "$(BUILT_PRODUCTS_DIR)/KeywordNews.app/KeywordNews";
			};
			name = Debug;
		};
		CE47142828729FBE00D82DED /* Release */ = {
			isa = XCBuildConfiguration;
			baseConfigurationReference = A59BB4A910AD50ACE5F4EA54 /* Pods-KeywordNewsTests.release.xcconfig */;
			buildSettings = {
				ALWAYS_EMBED_SWIFT_STANDARD_LIBRARIES = YES;
				BUNDLE_LOADER = "$(TEST_HOST)";
				CODE_SIGN_STYLE = Automatic;
				CURRENT_PROJECT_VERSION = 1;
				DEVELOPMENT_TEAM = B4SNVYSL93;
				GENERATE_INFOPLIST_FILE = YES;
				IPHONEOS_DEPLOYMENT_TARGET = 15.5;
				MARKETING_VERSION = 1.0;
				PRODUCT_BUNDLE_IDENTIFIER = "Dong-Hyeok-Kim.KeywordNewsTests";
				PRODUCT_NAME = "$(TARGET_NAME)";
				SWIFT_EMIT_LOC_STRINGS = NO;
				SWIFT_VERSION = 5.0;
				TARGETED_DEVICE_FAMILY = "1,2";
				TEST_HOST = "$(BUILT_PRODUCTS_DIR)/KeywordNews.app/KeywordNews";
			};
			name = Release;
		};
		CE47142A28729FBE00D82DED /* Debug */ = {
			isa = XCBuildConfiguration;
			baseConfigurationReference = 8706BE298479E0478A0E270A /* Pods-KeywordNews-KeywordNewsUITests.debug.xcconfig */;
			buildSettings = {
				ALWAYS_EMBED_SWIFT_STANDARD_LIBRARIES = YES;
				CODE_SIGN_STYLE = Automatic;
				CURRENT_PROJECT_VERSION = 1;
				DEVELOPMENT_TEAM = B4SNVYSL93;
				GENERATE_INFOPLIST_FILE = YES;
				MARKETING_VERSION = 1.0;
				PRODUCT_BUNDLE_IDENTIFIER = "Dong-Hyeok-Kim.KeywordNewsUITests";
				PRODUCT_NAME = "$(TARGET_NAME)";
				SWIFT_EMIT_LOC_STRINGS = NO;
				SWIFT_VERSION = 5.0;
				TARGETED_DEVICE_FAMILY = "1,2";
				TEST_TARGET_NAME = KeywordNews;
			};
			name = Debug;
		};
		CE47142B28729FBE00D82DED /* Release */ = {
			isa = XCBuildConfiguration;
			baseConfigurationReference = F586BAA234F6FFC1513A375D /* Pods-KeywordNews-KeywordNewsUITests.release.xcconfig */;
			buildSettings = {
				ALWAYS_EMBED_SWIFT_STANDARD_LIBRARIES = YES;
				CODE_SIGN_STYLE = Automatic;
				CURRENT_PROJECT_VERSION = 1;
				DEVELOPMENT_TEAM = B4SNVYSL93;
				GENERATE_INFOPLIST_FILE = YES;
				MARKETING_VERSION = 1.0;
				PRODUCT_BUNDLE_IDENTIFIER = "Dong-Hyeok-Kim.KeywordNewsUITests";
				PRODUCT_NAME = "$(TARGET_NAME)";
				SWIFT_EMIT_LOC_STRINGS = NO;
				SWIFT_VERSION = 5.0;
				TARGETED_DEVICE_FAMILY = "1,2";
				TEST_TARGET_NAME = KeywordNews;
			};
			name = Release;
		};
/* End XCBuildConfiguration section */

/* Begin XCConfigurationList section */
		CE4713F428729FBB00D82DED /* Build configuration list for PBXProject "KeywordNews" */ = {
			isa = XCConfigurationList;
			buildConfigurations = (
				CE47142128729FBE00D82DED /* Debug */,
				CE47142228729FBE00D82DED /* Release */,
			);
			defaultConfigurationIsVisible = 0;
			defaultConfigurationName = Release;
		};
		CE47142328729FBE00D82DED /* Build configuration list for PBXNativeTarget "KeywordNews" */ = {
			isa = XCConfigurationList;
			buildConfigurations = (
				CE47142428729FBE00D82DED /* Debug */,
				CE47142528729FBE00D82DED /* Release */,
			);
			defaultConfigurationIsVisible = 0;
			defaultConfigurationName = Release;
		};
		CE47142628729FBE00D82DED /* Build configuration list for PBXNativeTarget "KeywordNewsTests" */ = {
			isa = XCConfigurationList;
			buildConfigurations = (
				CE47142728729FBE00D82DED /* Debug */,
				CE47142828729FBE00D82DED /* Release */,
			);
			defaultConfigurationIsVisible = 0;
			defaultConfigurationName = Release;
		};
		CE47142928729FBE00D82DED /* Build configuration list for PBXNativeTarget "KeywordNewsUITests" */ = {
			isa = XCConfigurationList;
			buildConfigurations = (
				CE47142A28729FBE00D82DED /* Debug */,
				CE47142B28729FBE00D82DED /* Release */,
			);
			defaultConfigurationIsVisible = 0;
			defaultConfigurationName = Release;
		};
/* End XCConfigurationList section */

/* Begin XCRemoteSwiftPackageReference section */
		CE42FD332873E0C600B379D1 /* XCRemoteSwiftPackageReference "SnapKit" */ = {
			isa = XCRemoteSwiftPackageReference;
			repositoryURL = "https://github.com/SnapKit/SnapKit.git";
			requirement = {
				kind = upToNextMajorVersion;
				minimumVersion = 5.0.0;
			};
		};
/* End XCRemoteSwiftPackageReference section */

/* Begin XCSwiftPackageProductDependency section */
		CE42FD342873E0C600B379D1 /* SnapKit */ = {
			isa = XCSwiftPackageProductDependency;
			package = CE42FD332873E0C600B379D1 /* XCRemoteSwiftPackageReference "SnapKit" */;
			productName = SnapKit;
		};
/* End XCSwiftPackageProductDependency section */
	};
	rootObject = CE4713F128729FBB00D82DED /* Project object */;
}
